
Microsoft Visual Studio Solution File, Format Version 12.00
# Visual Studio Version 16
VisualStudioVersion = 16.0.30114.105
MinimumVisualStudioVersion = 10.0.40219.1
Project("{FAE04EC0-301F-11D3-BF4B-00C04F79EFBC}") = "JKMP.Plugin.Multiplayer", "JKMP.Plugin.Multiplayer\JKMP.Plugin.Multiplayer.csproj", "{6E8D8B91-E822-457F-BC4D-41AD1FBE6ABE}"
EndProject
Global
	GlobalSection(SolutionConfigurationPlatforms) = preSolution
		Debug|x86 = Debug|x86
		Release|x86 = Release|x86
	EndGlobalSection
	GlobalSection(SolutionProperties) = preSolution
		HideSolutionNode = FALSE
	EndGlobalSection
	GlobalSection(ProjectConfigurationPlatforms) = postSolution
		{6E8D8B91-E822-457F-BC4D-41AD1FBE6ABE}.Debug|x86.ActiveCfg = Debug|Any CPU
		{6E8D8B91-E822-457F-BC4D-41AD1FBE6ABE}.Debug|x86.Build.0 = Debug|Any CPU
		{6E8D8B91-E822-457F-BC4D-41AD1FBE6ABE}.Release|x86.ActiveCfg = Release|Any CPU
		{6E8D8B91-E822-457F-BC4D-41AD1FBE6ABE}.Release|x86.Build.0 = Release|Any CPU
	EndGlobalSection
EndGlobal
